
Microsoft Visual Studio Solution File, Format Version 12.00
# Visual Studio 14
VisualStudioVersion = 14.0.25123.0
MinimumVisualStudioVersion = 10.0.40219.1
Project("{FAE04EC0-301F-11D3-BF4B-00C04F79EFBC}") = "1.IndexBy5", "1.IndexBy5\1.IndexBy5.csproj", "{DAA95951-C39A-4900-9774-BE16BD6B1314}"
EndProject
Project("{FAE04EC0-301F-11D3-BF4B-00C04F79EFBC}") = "2.TwoEqualArrays", "2.TwoEqualArrays\2.TwoEqualArrays.csproj", "{BD7F11D0-8EDF-47A5-8D76-7E90D50EEACC}"
EndProject
Project("{FAE04EC0-301F-11D3-BF4B-00C04F79EFBC}") = "3.LexographicalCompare", "3.LexographicalCompare\3.LexographicalCompare.csproj", "{C660F0FB-98C0-44F5-9661-66DD34E584A6}"
EndProject
Global
	GlobalSection(SolutionConfigurationPlatforms) = preSolution
		Debug|Any CPU = Debug|Any CPU
		Release|Any CPU = Release|Any CPU
	EndGlobalSection
	GlobalSection(ProjectConfigurationPlatforms) = postSolution
		{DAA95951-C39A-4900-9774-BE16BD6B1314}.Debug|Any CPU.ActiveCfg = Debug|Any CPU
		{DAA95951-C39A-4900-9774-BE16BD6B1314}.Debug|Any CPU.Build.0 = Debug|Any CPU
		{DAA95951-C39A-4900-9774-BE16BD6B1314}.Release|Any CPU.ActiveCfg = Release|Any CPU
		{DAA95951-C39A-4900-9774-BE16BD6B1314}.Release|Any CPU.Build.0 = Release|Any CPU
		{BD7F11D0-8EDF-47A5-8D76-7E90D50EEACC}.Debug|Any CPU.ActiveCfg = Debug|Any CPU
		{BD7F11D0-8EDF-47A5-8D76-7E90D50EEACC}.Debug|Any CPU.Build.0 = Debug|Any CPU
		{BD7F11D0-8EDF-47A5-8D76-7E90D50EEACC}.Release|Any CPU.ActiveCfg = Release|Any CPU
		{BD7F11D0-8EDF-47A5-8D76-7E90D50EEACC}.Release|Any CPU.Build.0 = Release|Any CPU
		{C660F0FB-98C0-44F5-9661-66DD34E584A6}.Debug|Any CPU.ActiveCfg = Debug|Any CPU
		{C660F0FB-98C0-44F5-9661-66DD34E584A6}.Debug|Any CPU.Build.0 = Debug|Any CPU
		{C660F0FB-98C0-44F5-9661-66DD34E584A6}.Release|Any CPU.ActiveCfg = Release|Any CPU
		{C660F0FB-98C0-44F5-9661-66DD34E584A6}.Release|Any CPU.Build.0 = Release|Any CPU
	EndGlobalSection
	GlobalSection(SolutionProperties) = preSolution
		HideSolutionNode = FALSE
	EndGlobalSection
EndGlobal
